
Microsoft Visual Studio Solution File, Format Version 12.00
# Visual Studio 15
VisualStudioVersion = 15.0.28307.329
MinimumVisualStudioVersion = 10.0.40219.1
Project("{FAE04EC0-301F-11D3-BF4B-00C04F79EFBC}") = "CustomValidations", "CustomValidations\CustomValidations.csproj", "{B4B4A4B4-675E-4F2F-8EA5-C82A1796CC1A}"
EndProject
Global
	GlobalSection(SolutionConfigurationPlatforms) = preSolution
		Debug|Any CPU = Debug|Any CPU
		Release|Any CPU = Release|Any CPU
	EndGlobalSection
	GlobalSection(ProjectConfigurationPlatforms) = postSolution
		{B4B4A4B4-675E-4F2F-8EA5-C82A1796CC1A}.Debug|Any CPU.ActiveCfg = Debug|Any CPU
		{B4B4A4B4-675E-4F2F-8EA5-C82A1796CC1A}.Debug|Any CPU.Build.0 = Debug|Any CPU
		{B4B4A4B4-675E-4F2F-8EA5-C82A1796CC1A}.Release|Any CPU.ActiveCfg = Release|Any CPU
		{B4B4A4B4-675E-4F2F-8EA5-C82A1796CC1A}.Release|Any CPU.Build.0 = Release|Any CPU
	EndGlobalSection
	GlobalSection(SolutionProperties) = preSolution
		HideSolutionNode = FALSE
	EndGlobalSection
	GlobalSection(ExtensibilityGlobals) = postSolution
		SolutionGuid = {2DA41829-84CC-4208-B545-EBDBC704171B}
	EndGlobalSection
EndGlobal
